
Microsoft Visual Studio Solution File, Format Version 12.00
Project("{FAE04EC0-301F-11D3-BF4B-00C04F79EFBC}") = "ChatneyBackend", "ChatneyBackend\ChatneyBackend.csproj", "{CD20A698-2E4F-426B-A2A0-A40528FDCBAA}"
EndProject
Project("{FAE04EC0-301F-11D3-BF4B-00C04F79EFBC}") = "Tests", "Tests\Tests.csproj", "{266C88AA-C79D-4C48-85E1-98CD5401A3A3}"
EndProject
Global
	GlobalSection(SolutionConfigurationPlatforms) = preSolution
		Debug|Any CPU = Debug|Any CPU
		Release|Any CPU = Release|Any CPU
	EndGlobalSection
	GlobalSection(ProjectConfigurationPlatforms) = postSolution
		{CD20A698-2E4F-426B-A2A0-A40528FDCBAA}.Debug|Any CPU.ActiveCfg = Debug|Any CPU
		{CD20A698-2E4F-426B-A2A0-A40528FDCBAA}.Debug|Any CPU.Build.0 = Debug|Any CPU
		{CD20A698-2E4F-426B-A2A0-A40528FDCBAA}.Release|Any CPU.ActiveCfg = Release|Any CPU
		{CD20A698-2E4F-426B-A2A0-A40528FDCBAA}.Release|Any CPU.Build.0 = Release|Any CPU
		{266C88AA-C79D-4C48-85E1-98CD5401A3A3}.Debug|Any CPU.ActiveCfg = Debug|Any CPU
		{266C88AA-C79D-4C48-85E1-98CD5401A3A3}.Debug|Any CPU.Build.0 = Debug|Any CPU
		{266C88AA-C79D-4C48-85E1-98CD5401A3A3}.Release|Any CPU.ActiveCfg = Release|Any CPU
		{266C88AA-C79D-4C48-85E1-98CD5401A3A3}.Release|Any CPU.Build.0 = Release|Any CPU
	EndGlobalSection
EndGlobal
